
Microsoft Visual Studio Solution File, Format Version 12.00
# Visual Studio Version 16
VisualStudioVersion = 16.0.31624.102
MinimumVisualStudioVersion = 10.0.40219.1
Project("{FAE04EC0-301F-11D3-BF4B-00C04F79EFBC}") = "BuildTools", "BuildTools\BuildTools.csproj", "{08D4C457-559C-4644-A782-7606B1322313}"
EndProject
Global
	GlobalSection(SolutionConfigurationPlatforms) = preSolution
		Debug|Any CPU = Debug|Any CPU
		Release|Any CPU = Release|Any CPU
	EndGlobalSection
	GlobalSection(ProjectConfigurationPlatforms) = postSolution
		{08D4C457-559C-4644-A782-7606B1322313}.Debug|Any CPU.ActiveCfg = Debug|Any CPU
		{08D4C457-559C-4644-A782-7606B1322313}.Debug|Any CPU.Build.0 = Debug|Any CPU
		{08D4C457-559C-4644-A782-7606B1322313}.Release|Any CPU.ActiveCfg = Release|Any CPU
		{08D4C457-559C-4644-A782-7606B1322313}.Release|Any CPU.Build.0 = Release|Any CPU
	EndGlobalSection
	GlobalSection(SolutionProperties) = preSolution
		HideSolutionNode = FALSE
	EndGlobalSection
	GlobalSection(ExtensibilityGlobals) = postSolution
		SolutionGuid = {7225DBAF-CE52-4D3A-A8AF-FE8C9D9F17B5}
	EndGlobalSection
EndGlobal
